
Microsoft Visual Studio Solution File, Format Version 12.00
# Visual Studio 2012
Project("{FAE04EC0-301F-11D3-BF4B-00C04F79EFBC}") = "Maze", "Maze\Maze.csproj", "{9F45E921-8211-4CD3-92C3-BE306572CDCB}"
EndProject
Project("{FAE04EC0-301F-11D3-BF4B-00C04F79EFBC}") = "ProcessManager", "ProcessManager\ProcessManager.csproj", "{A809B866-0D86-4D03-A83D-6FEACC4AB0D2}"
EndProject
Global
	GlobalSection(SolutionConfigurationPlatforms) = preSolution
		Debug|x86 = Debug|x86
		Release|x86 = Release|x86
	EndGlobalSection
	GlobalSection(ProjectConfigurationPlatforms) = postSolution
		{9F45E921-8211-4CD3-92C3-BE306572CDCB}.Debug|x86.ActiveCfg = Debug|x86
		{9F45E921-8211-4CD3-92C3-BE306572CDCB}.Debug|x86.Build.0 = Debug|x86
		{9F45E921-8211-4CD3-92C3-BE306572CDCB}.Release|x86.ActiveCfg = Release|x86
		{9F45E921-8211-4CD3-92C3-BE306572CDCB}.Release|x86.Build.0 = Release|x86
		{A809B866-0D86-4D03-A83D-6FEACC4AB0D2}.Debug|x86.ActiveCfg = Debug|Any CPU
		{A809B866-0D86-4D03-A83D-6FEACC4AB0D2}.Debug|x86.Build.0 = Debug|Any CPU
		{A809B866-0D86-4D03-A83D-6FEACC4AB0D2}.Release|x86.ActiveCfg = Release|Any CPU
		{A809B866-0D86-4D03-A83D-6FEACC4AB0D2}.Release|x86.Build.0 = Release|Any CPU
	EndGlobalSection
EndGlobal
